# This file was autogenerated by uv via the following command:
#    uv pip compile pyproject.toml --python-version 3.12 --output-file requirements.lock --resolution lowest-direct
boto3==1.34.0
    # via processor (pyproject.toml)
botocore==1.34.162
    # via
    #   boto3
    #   s3transfer
deprecated==3.0.0
    # via
    #   opentelemetry-api
    #   opentelemetry-exporter-otlp-proto-grpc
    #   opentelemetry-semantic-conventions
googleapis-common-protos==1.75.0
    # via opentelemetry-exporter-otlp-proto-grpc
grpcio==1.84.0
    # via opentelemetry-exporter-otlp-proto-grpc
importlib-metadata==7.1.0
    # via opentelemetry-api
jmespath==1.1.0
    # via
    #   boto3
    #   botocore
opentelemetry-api==1.27.0
    # via
    #   opentelemetry-exporter-otlp-proto-grpc
    #   opentelemetry-sdk
    #   opentelemetry-semantic-conventions
opentelemetry-exporter-otlp-proto-common==1.27.0
    # via opentelemetry-exporter-otlp-proto-grpc
opentelemetry-exporter-otlp-proto-grpc==1.27.0
    # via processor (pyproject.toml)
opentelemetry-proto==1.27.0
    # via
    #   opentelemetry-exporter-otlp-proto-common
    #   opentelemetry-exporter-otlp-proto-grpc
opentelemetry-sdk==1.27.0
    # via
    #   processor (pyproject.toml)
    #   opentelemetry-exporter-otlp-proto-grpc
opentelemetry-semantic-conventions==0.48b0
    # via opentelemetry-sdk
protobuf==4.25.9
    # via
    #   googleapis-common-protos
    #   opentelemetry-proto
python-dateutil==2.9.0.post0
    # via botocore
s3transfer==0.9.0
    # via boto3
six==1.17.0
    # via python-dateutil
typing-extensions==4.16.0
    # via
    #   grpcio
    #   opentelemetry-sdk
urllib3==2.8.0
    # via botocore
wrapt==1.17.3
    # via deprecated
zipp==4.1.1
    # via importlib-metadata
